
Microsoft Visual Studio Solution File, Format Version 12.00
# Visual Studio Version 16
VisualStudioVersion = 16.0.33328.57
MinimumVisualStudioVersion = 10.0.40219.1
Project("{FAE04EC0-301F-11D3-BF4B-00C04F79EFBC}") = "sample", "sample\sample.csproj", "{306364D6-BEF4-4E6E-86DB-4774A7AA0F4E}"
EndProject
Global
	GlobalSection(SolutionConfigurationPlatforms) = preSolution
		Debug|Any CPU = Debug|Any CPU
		Release|Any CPU = Release|Any CPU
	EndGlobalSection
	GlobalSection(ProjectConfigurationPlatforms) = postSolution
		{306364D6-BEF4-4E6E-86DB-4774A7AA0F4E}.Debug|Any CPU.ActiveCfg = Debug|Any CPU
		{306364D6-BEF4-4E6E-86DB-4774A7AA0F4E}.Debug|Any CPU.Build.0 = Debug|Any CPU
		{306364D6-BEF4-4E6E-86DB-4774A7AA0F4E}.Release|Any CPU.ActiveCfg = Release|Any CPU
		{306364D6-BEF4-4E6E-86DB-4774A7AA0F4E}.Release|Any CPU.Build.0 = Release|Any CPU
	EndGlobalSection
	GlobalSection(SolutionProperties) = preSolution
		HideSolutionNode = FALSE
	EndGlobalSection
	GlobalSection(ExtensibilityGlobals) = postSolution
		SolutionGuid = {0E857DD5-4DEA-473A-956B-8F9195B15BFB}
	EndGlobalSection
EndGlobal
